Microsoft Visual Studio Solution File, Format Version 12.00
# Visual Studio Version 17
VisualStudioVersion = 17.5.2.0
MinimumVisualStudioVersion = 10.0.40219.1
Project("{FAE04EC0-301F-11D3-BF4B-00C04F79EFBC}") = "GuitarGuide", "GuitarGuide.csproj", "{B1E723B3-C473-2897-8DBB-054DAA9CD856}"
EndProject
Global
	GlobalSection(SolutionConfigurationPlatforms) = preSolution
		Debug|Any CPU = Debug|Any CPU
		Release|Any CPU = Release|Any CPU
	EndGlobalSection
	GlobalSection(ProjectConfigurationPlatforms) = postSolution
		{B1E723B3-C473-2897-8DBB-054DAA9CD856}.Debug|Any CPU.ActiveCfg = Debug|Any CPU
		{B1E723B3-C473-2897-8DBB-054DAA9CD856}.Debug|Any CPU.Build.0 = Debug|Any CPU
		{B1E723B3-C473-2897-8DBB-054DAA9CD856}.Release|Any CPU.ActiveCfg = Release|Any CPU
		{B1E723B3-C473-2897-8DBB-054DAA9CD856}.Release|Any CPU.Build.0 = Release|Any CPU
	EndGlobalSection
	GlobalSection(SolutionProperties) = preSolution
		HideSolutionNode = FALSE
	EndGlobalSection
	GlobalSection(ExtensibilityGlobals) = postSolution
		SolutionGuid = {2CB4C0D5-B663-48AF-B9FD-315D77F93F5C}
	EndGlobalSection
EndGlobal
